
Microsoft Visual Studio Solution File, Format Version 12.00
# Visual Studio Version 17
VisualStudioVersion = 17.0.31903.59
MinimumVisualStudioVersion = 10.0.40219.1
Project("{FAE04EC0-301F-11D3-BF4B-00C04F79EFBC}") = "TrAuck.Domain", "TrAuck.Domain\TrAuck.Domain.csproj", "{1E09B006-6530-4472-845F-32EFFA207E2B}"
EndProject
Project("{FAE04EC0-301F-11D3-BF4B-00C04F79EFBC}") = "TrAuck.Application", "TrAuck.Application\TrAuck.Application.csproj", "{2F43BA4E-F01A-4212-9F49-4F344833FFE6}"
EndProject
Project("{FAE04EC0-301F-11D3-BF4B-00C04F79EFBC}") = "TrAuck.Infrastructure", "TrAuck.Infrastructure\TrAuck.Infrastructure.csproj", "{71D61311-CA22-417F-B370-B2541330B84E}"
EndProject
Project("{FAE04EC0-301F-11D3-BF4B-00C04F79EFBC}") = "TrAuck.Api", "TrAuck.Api\TrAuck.Api.csproj", "{FEC5151B-F13A-4E57-9A7B-8EA8974AF850}"
EndProject
Project("{FAE04EC0-301F-11D3-BF4B-00C04F79EFBC}") = "TrAuck.Tests", "TrAuck.Tests\TrAuck.Tests.csproj", "{F7F813A4-7AC7-4F77-9F56-1026960A312E}"
EndProject
Global
	GlobalSection(SolutionConfigurationPlatforms) = preSolution
		Debug|Any CPU = Debug|Any CPU
		Debug|x64 = Debug|x64
		Debug|x86 = Debug|x86
		Release|Any CPU = Release|Any CPU
		Release|x64 = Release|x64
		Release|x86 = Release|x86
	EndGlobalSection
	GlobalSection(ProjectConfigurationPlatforms) = postSolution
		{1E09B006-6530-4472-845F-32EFFA207E2B}.Debug|Any CPU.ActiveCfg = Debug|Any CPU
		{1E09B006-6530-4472-845F-32EFFA207E2B}.Debug|Any CPU.Build.0 = Debug|Any CPU
		{1E09B006-6530-4472-845F-32EFFA207E2B}.Debug|x64.ActiveCfg = Debug|Any CPU
		{1E09B006-6530-4472-845F-32EFFA207E2B}.Debug|x64.Build.0 = Debug|Any CPU
		{1E09B006-6530-4472-845F-32EFFA207E2B}.Debug|x86.ActiveCfg = Debug|Any CPU
		{1E09B006-6530-4472-845F-32EFFA207E2B}.Debug|x86.Build.0 = Debug|Any CPU
		{1E09B006-6530-4472-845F-32EFFA207E2B}.Release|Any CPU.ActiveCfg = Release|Any CPU
		{1E09B006-6530-4472-845F-32EFFA207E2B}.Release|Any CPU.Build.0 = Release|Any CPU
		{1E09B006-6530-4472-845F-32EFFA207E2B}.Release|x64.ActiveCfg = Release|Any CPU
		{1E09B006-6530-4472-845F-32EFFA207E2B}.Release|x64.Build.0 = Release|Any CPU
		{1E09B006-6530-4472-845F-32EFFA207E2B}.Release|x86.ActiveCfg = Release|Any CPU
		{1E09B006-6530-4472-845F-32EFFA207E2B}.Release|x86.Build.0 = Release|Any CPU
		{2F43BA4E-F01A-4212-9F49-4F344833FFE6}.Debug|Any CPU.ActiveCfg = Debug|Any CPU
		{2F43BA4E-F01A-4212-9F49-4F344833FFE6}.Debug|Any CPU.Build.0 = Debug|Any CPU
		{2F43BA4E-F01A-4212-9F49-4F344833FFE6}.Debug|x64.ActiveCfg = Debug|Any CPU
		{2F43BA4E-F01A-4212-9F49-4F344833FFE6}.Debug|x64.Build.0 = Debug|Any CPU
		{2F43BA4E-F01A-4212-9F49-4F344833FFE6}.Debug|x86.ActiveCfg = Debug|Any CPU
		{2F43BA4E-F01A-4212-9F49-4F344833FFE6}.Debug|x86.Build.0 = Debug|Any CPU
		{2F43BA4E-F01A-4212-9F49-4F344833FFE6}.Release|Any CPU.ActiveCfg = Release|Any CPU
		{2F43BA4E-F01A-4212-9F49-4F344833FFE6}.Release|Any CPU.Build.0 = Release|Any CPU
		{2F43BA4E-F01A-4212-9F49-4F344833FFE6}.Release|x64.ActiveCfg = Release|Any CPU
		{2F43BA4E-F01A-4212-9F49-4F344833FFE6}.Release|x64.Build.0 = Release|Any CPU
		{2F43BA4E-F01A-4212-9F49-4F344833FFE6}.Release|x86.ActiveCfg = Release|Any CPU
		{2F43BA4E-F01A-4212-9F49-4F344833FFE6}.Release|x86.Build.0 = Release|Any CPU
		{71D61311-CA22-417F-B370-B2541330B84E}.Debug|Any CPU.ActiveCfg = Debug|Any CPU
		{71D61311-CA22-417F-B370-B2541330B84E}.Debug|Any CPU.Build.0 = Debug|Any CPU
		{71D61311-CA22-417F-B370-B2541330B84E}.Debug|x64.ActiveCfg = Debug|Any CPU
		{71D61311-CA22-417F-B370-B2541330B84E}.Debug|x64.Build.0 = Debug|Any CPU
		{71D61311-CA22-417F-B370-B2541330B84E}.Debug|x86.ActiveCfg = Debug|Any CPU
		{71D61311-CA22-417F-B370-B2541330B84E}.Debug|x86.Build.0 = Debug|Any CPU
		{71D61311-CA22-417F-B370-B2541330B84E}.Release|Any CPU.ActiveCfg = Release|Any CPU
		{71D61311-CA22-417F-B370-B2541330B84E}.Release|Any CPU.Build.0 = Release|Any CPU
		{71D61311-CA22-417F-B370-B2541330B84E}.Release|x64.ActiveCfg = Release|Any CPU
		{71D61311-CA22-417F-B370-B2541330B84E}.Release|x64.Build.0 = Release|Any CPU
		{71D61311-CA22-417F-B370-B2541330B84E}.Release|x86.ActiveCfg = Release|Any CPU
		{71D61311-CA22-417F-B370-B2541330B84E}.Release|x86.Build.0 = Release|Any CPU
		{FEC5151B-F13A-4E57-9A7B-8EA8974AF850}.Debug|Any CPU.ActiveCfg = Debug|Any CPU
		{FEC5151B-F13A-4E57-9A7B-8EA8974AF850}.Debug|Any CPU.Build.0 = Debug|Any CPU
		{FEC5151B-F13A-4E57-9A7B-8EA8974AF850}.Debug|x64.ActiveCfg = Debug|Any CPU
		{FEC5151B-F13A-4E57-9A7B-8EA8974AF850}.Debug|x64.Build.0 = Debug|Any CPU
		{FEC5151B-F13A-4E57-9A7B-8EA8974AF850}.Debug|x86.ActiveCfg = Debug|Any CPU
		{FEC5151B-F13A-4E57-9A7B-8EA8974AF850}.Debug|x86.Build.0 = Debug|Any CPU
		{FEC5151B-F13A-4E57-9A7B-8EA8974AF850}.Release|Any CPU.ActiveCfg = Release|Any CPU
		{FEC5151B-F13A-4E57-9A7B-8EA8974AF850}.Release|Any CPU.Build.0 = Release|Any CPU
		{FEC5151B-F13A-4E57-9A7B-8EA8974AF850}.Release|x64.ActiveCfg = Release|Any CPU
		{FEC5151B-F13A-4E57-9A7B-8EA8974AF850}.Release|x64.Build.0 = Release|Any CPU
		{FEC5151B-F13A-4E57-9A7B-8EA8974AF850}.Release|x86.ActiveCfg = Release|Any CPU
		{FEC5151B-F13A-4E57-9A7B-8EA8974AF850}.Release|x86.Build.0 = Release|Any CPU
		{F7F813A4-7AC7-4F77-9F56-1026960A312E}.Debug|Any CPU.ActiveCfg = Debug|Any CPU
		{F7F813A4-7AC7-4F77-9F56-1026960A312E}.Debug|Any CPU.Build.0 = Debug|Any CPU
		{F7F813A4-7AC7-4F77-9F56-1026960A312E}.Debug|x64.ActiveCfg = Debug|Any CPU
		{F7F813A4-7AC7-4F77-9F56-1026960A312E}.Debug|x64.Build.0 = Debug|Any CPU
		{F7F813A4-7AC7-4F77-9F56-1026960A312E}.Debug|x86.ActiveCfg = Debug|Any CPU
		{F7F813A4-7AC7-4F77-9F56-1026960A312E}.Debug|x86.Build.0 = Debug|Any CPU
		{F7F813A4-7AC7-4F77-9F56-1026960A312E}.Release|Any CPU.ActiveCfg = Release|Any CPU
		{F7F813A4-7AC7-4F77-9F56-1026960A312E}.Release|Any CPU.Build.0 = Release|Any CPU
		{F7F813A4-7AC7-4F77-9F56-1026960A312E}.Release|x64.ActiveCfg = Release|Any CPU
		{F7F813A4-7AC7-4F77-9F56-1026960A312E}.Release|x64.Build.0 = Release|Any CPU
		{F7F813A4-7AC7-4F77-9F56-1026960A312E}.Release|x86.ActiveCfg = Release|Any CPU
		{F7F813A4-7AC7-4F77-9F56-1026960A312E}.Release|x86.Build.0 = Release|Any CPU
	EndGlobalSection
	GlobalSection(SolutionProperties) = preSolution
		HideSolutionNode = FALSE
	EndGlobalSection
EndGlobal
